
Microsoft Visual Studio Solution File, Format Version 12.00
Project("{2150E333-8FDC-42A3-9474-1A3956D46DE8}") = ".solutionItems", ".solutionItems", "{81152DBA-CC20-4A2D-A50D-4F20D49B71C9}"
ProjectSection(SolutionItems) = preProject
	.editorconfig = .editorconfig
	.gitattributes = .gitattributes
	.gitignore = .gitignore
	README.md = README.md
EndProjectSection
EndProject
Project("{FAE04EC0-301F-11D3-BF4B-00C04F79EFBC}") = "SecretManagerSourceGenerator", "SecretManagerSourceGenerator\SecretManagerSourceGenerator.csproj", "{4E8A5C97-E0E3-4679-8DD7-8B7FEF02DF9B}"
EndProject
Project("{FAE04EC0-301F-11D3-BF4B-00C04F79EFBC}") = "SecretManagerSourceGenerator.Test", "SecretManagerSourceGenerator.Test\SecretManagerSourceGenerator.Test.csproj", "{E8446192-2740-464D-8343-E36A38F59454}"
EndProject
Project("{FAE04EC0-301F-11D3-BF4B-00C04F79EFBC}") = "SecretManagerSourceGenerator.Example", "SecretManagerSourceGenerator.Example\SecretManagerSourceGenerator.Example.csproj", "{5124FA83-6C69-48B9-891D-C0F1B6B3753C}"
EndProject
Global
	GlobalSection(SolutionConfigurationPlatforms) = preSolution
		Debug|Any CPU = Debug|Any CPU
		Release|Any CPU = Release|Any CPU
	EndGlobalSection
	GlobalSection(ProjectConfigurationPlatforms) = postSolution
		{4E8A5C97-E0E3-4679-8DD7-8B7FEF02DF9B}.Debug|Any CPU.ActiveCfg = Debug|Any CPU
		{4E8A5C97-E0E3-4679-8DD7-8B7FEF02DF9B}.Debug|Any CPU.Build.0 = Debug|Any CPU
		{4E8A5C97-E0E3-4679-8DD7-8B7FEF02DF9B}.Release|Any CPU.ActiveCfg = Release|Any CPU
		{4E8A5C97-E0E3-4679-8DD7-8B7FEF02DF9B}.Release|Any CPU.Build.0 = Release|Any CPU
		{E8446192-2740-464D-8343-E36A38F59454}.Debug|Any CPU.ActiveCfg = Debug|Any CPU
		{E8446192-2740-464D-8343-E36A38F59454}.Debug|Any CPU.Build.0 = Debug|Any CPU
		{E8446192-2740-464D-8343-E36A38F59454}.Release|Any CPU.ActiveCfg = Release|Any CPU
		{E8446192-2740-464D-8343-E36A38F59454}.Release|Any CPU.Build.0 = Release|Any CPU
		{5124FA83-6C69-48B9-891D-C0F1B6B3753C}.Debug|Any CPU.ActiveCfg = Debug|Any CPU
		{5124FA83-6C69-48B9-891D-C0F1B6B3753C}.Debug|Any CPU.Build.0 = Debug|Any CPU
		{5124FA83-6C69-48B9-891D-C0F1B6B3753C}.Release|Any CPU.ActiveCfg = Release|Any CPU
		{5124FA83-6C69-48B9-891D-C0F1B6B3753C}.Release|Any CPU.Build.0 = Release|Any CPU
	EndGlobalSection
EndGlobal
